// !$*UTF8*$!
{
	archiveVersion = 1;
	classes = {
	};
	objectVersion = 48;
	objects = {

/* Begin PBXAggregateTarget section */
		696FD6771F64919800DDDFE5 /* SwiftGen */ = {
			isa = PBXAggregateTarget;
			buildConfigurationList = 696FD67A1F64919800DDDFE5 /* Build configuration list for PBXAggregateTarget "SwiftGen" */;
			buildPhases = (
				696FD67B1F6491A300DDDFE5 /* Generate string enums */,
				696FD6851F64956A00DDDFE5 /* Generate assets enums */,
			);
			dependencies = (
			);
			name = SwiftGen;
			productName = SwiftGen;
		};
/* End PBXAggregateTarget section */

/* Begin PBXBuildFile section */
		696FD6761F648EB600DDDFE5 /* CircuitFlowController.swift in Sources */ = {isa = PBXBuildFile; fileRef = 696FD6751F648EB600DDDFE5 /* CircuitFlowController.swift */; };
		696FD67F1F64923D00DDDFE5 /* Localizable.strings in Resources */ = {isa = PBXBuildFile; fileRef = 696FD6811F64923D00DDDFE5 /* Localizable.strings */; };
		696FD6841F6494D900DDDFE5 /* LocalizedStrings.swift in Sources */ = {isa = PBXBuildFile; fileRef = 696FD6831F6494D900DDDFE5 /* LocalizedStrings.swift */; };
		696FD6871F6495EC00DDDFE5 /* Assets.swift in Sources */ = {isa = PBXBuildFile; fileRef = 696FD6861F6495EC00DDDFE5 /* Assets.swift */; };
		696FD68B1F64985900DDDFE5 /* CircuitDetailViewModel.swift in Sources */ = {isa = PBXBuildFile; fileRef = 696FD68A1F64985900DDDFE5 /* CircuitDetailViewModel.swift */; };
		696FD68D1F6498A700DDDFE5 /* CircuitDetailViewController.swift in Sources */ = {isa = PBXBuildFile; fileRef = 696FD68C1F6498A700DDDFE5 /* CircuitDetailViewController.swift */; };
		696FD68F1F649A0B00DDDFE5 /* NewCircuitViewModel.swift in Sources */ = {isa = PBXBuildFile; fileRef = 696FD68E1F649A0B00DDDFE5 /* NewCircuitViewModel.swift */; };
		696FD6911F649A2E00DDDFE5 /* NewCircuitViewController.swift in Sources */ = {isa = PBXBuildFile; fileRef = 696FD6901F649A2E00DDDFE5 /* NewCircuitViewController.swift */; };
		696FD6931F649F2900DDDFE5 /* CircuitDetailHeader.swift in Sources */ = {isa = PBXBuildFile; fileRef = 696FD6921F649F2900DDDFE5 /* CircuitDetailHeader.swift */; };
		696FD6951F6535F600DDDFE5 /* LapTimeTableViewCell.swift in Sources */ = {isa = PBXBuildFile; fileRef = 696FD6941F6535F600DDDFE5 /* LapTimeTableViewCell.swift */; };
		699D03F91F37C13500FC9EB5 /* SnapKit.framework in Frameworks */ = {isa = PBXBuildFile; fileRef = 699D03F41F37C13500FC9EB5 /* SnapKit.framework */; };
		699D03FA1F37C13500FC9EB5 /* AlamofireImage.framework in Frameworks */ = {isa = PBXBuildFile; fileRef = 699D03F51F37C13500FC9EB5 /* AlamofireImage.framework */; };
		699D03FB1F37C13500FC9EB5 /* AlamofireNetworkActivityIndicator.framework in Frameworks */ = {isa = PBXBuildFile; fileRef = 699D03F61F37C13500FC9EB5 /* AlamofireNetworkActivityIndicator.framework */; };
		699D03FC1F37C13500FC9EB5 /* ReSwift.framework in Frameworks */ = {isa = PBXBuildFile; fileRef = 699D03F71F37C13500FC9EB5 /* ReSwift.framework */; };
		699D03FD1F37C13500FC9EB5 /* Alamofire.framework in Frameworks */ = {isa = PBXBuildFile; fileRef = 699D03F81F37C13500FC9EB5 /* Alamofire.framework */; };
		699D04041F37C4D000FC9EB5 /* AppFlowController.swift in Sources */ = {isa = PBXBuildFile; fileRef = 699D04031F37C4D000FC9EB5 /* AppFlowController.swift */; };
		699D04061F37C4F200FC9EB5 /* FlowController.swift in Sources */ = {isa = PBXBuildFile; fileRef = 699D04051F37C4F200FC9EB5 /* FlowController.swift */; };
		699D040A1F37CAD400FC9EB5 /* ReactiveCocoa.framework in Frameworks */ = {isa = PBXBuildFile; fileRef = 699D04071F37CAD400FC9EB5 /* ReactiveCocoa.framework */; };
		699D040B1F37CAD400FC9EB5 /* Result.framework in Frameworks */ = {isa = PBXBuildFile; fileRef = 699D04081F37CAD400FC9EB5 /* Result.framework */; };
		699D040C1F37CAD400FC9EB5 /* ReactiveSwift.framework in Frameworks */ = {isa = PBXBuildFile; fileRef = 699D04091F37CAD400FC9EB5 /* ReactiveSwift.framework */; };
		69A2CD961F58C3D500E29590 /* LapTime.swift in Sources */ = {isa = PBXBuildFile; fileRef = 69A2CD951F58C3D500E29590 /* LapTime.swift */; };
		69A2CD9C1F58C92100E29590 /* Race.swift in Sources */ = {isa = PBXBuildFile; fileRef = 69A2CD9B1F58C92100E29590 /* Race.swift */; };
		69A2CD9E1F58C9E800E29590 /* Circuit.swift in Sources */ = {isa = PBXBuildFile; fileRef = 69A2CD9D1F58C9E800E29590 /* Circuit.swift */; };
		69AC8FC11F58CD8600E80EB7 /* LapTimeHelpers.swift in Sources */ = {isa = PBXBuildFile; fileRef = 69AC8FC01F58CD8600E80EB7 /* LapTimeHelpers.swift */; };
		69AC8FC31F58CE7100E80EB7 /* GeneralHelpers.swift in Sources */ = {isa = PBXBuildFile; fileRef = 69AC8FC21F58CE7100E80EB7 /* GeneralHelpers.swift */; };
		69B2162F1F65395600047B7E /* Formatters.swift in Sources */ = {isa = PBXBuildFile; fileRef = 69B2162E1F65395600047B7E /* Formatters.swift */; };
		69B216361F6540D000047B7E /* Colors.swift in Sources */ = {isa = PBXBuildFile; fileRef = 69B216351F6540D000047B7E /* Colors.swift */; };
		69B216381F65448E00047B7E /* Chameleon.framework in Frameworks */ = {isa = PBXBuildFile; fileRef = 69B216371F65448E00047B7E /* Chameleon.framework */; };
		69B2163A1F65471100047B7E /* NewRaceViewModel.swift in Sources */ = {isa = PBXBuildFile; fileRef = 69B216391F65471100047B7E /* NewRaceViewModel.swift */; };
		69B2163C1F65475500047B7E /* NewRaceViewController.swift in Sources */ = {isa = PBXBuildFile; fileRef = 69B2163B1F65475500047B7E /* NewRaceViewController.swift */; };
		69BA3DF21F37B5D000CDC700 /* AppDelegate.swift in Sources */ = {isa = PBXBuildFile; fileRef = 69BA3DF11F37B5D000CDC700 /* AppDelegate.swift */; };
		69BA3DF91F37B5D000CDC700 /* Assets.xcassets in Resources */ = {isa = PBXBuildFile; fileRef = 69BA3DF81F37B5D000CDC700 /* Assets.xcassets */; };
		69BA3DFC1F37B5D000CDC700 /* LaunchScreen.storyboard in Resources */ = {isa = PBXBuildFile; fileRef = 69BA3DFA1F37B5D000CDC700 /* LaunchScreen.storyboard */; };
		69BA3E071F37B5D000CDC700 /* LapTimeTests.swift in Sources */ = {isa = PBXBuildFile; fileRef = 69BA3E061F37B5D000CDC700 /* LapTimeTests.swift */; };
		69EFE6671F6484BC0090740B /* LapTimeStore.swift in Sources */ = {isa = PBXBuildFile; fileRef = 69EFE6661F6484BC0090740B /* LapTimeStore.swift */; };
		69EFE6691F6486E40090740B /* AppDependency.swift in Sources */ = {isa = PBXBuildFile; fileRef = 69EFE6681F6486E40090740B /* AppDependency.swift */; };
		69EFE66B1F6487CD0090740B /* CircuitListViewController.swift in Sources */ = {isa = PBXBuildFile; fileRef = 69EFE66A1F6487CD0090740B /* CircuitListViewController.swift */; };
		69EFE66E1F64881B0090740B /* BaseViewController.swift in Sources */ = {isa = PBXBuildFile; fileRef = 69EFE66D1F64881B0090740B /* BaseViewController.swift */; };
		69EFE6711F64886E0090740B /* CircuitListViewModel.swift in Sources */ = {isa = PBXBuildFile; fileRef = 69EFE6701F64886E0090740B /* CircuitListViewModel.swift */; };
		69EFE6741F648A3D0090740B /* UITableViewExtensions.swift in Sources */ = {isa = PBXBuildFile; fileRef = 69EFE6731F648A3D0090740B /* UITableViewExtensions.swift */; };
		69EFE67A1F648D070090740B /* CircuitTableViewCell.swift in Sources */ = {isa = PBXBuildFile; fileRef = 69EFE6791F648D070090740B /* CircuitTableViewCell.swift */; };
		A31D0F041F697F3B001601AC /* IQKeyboardManagerSwift.framework in Frameworks */ = {isa = PBXBuildFile; fileRef = A31D0F031F697F3B001601AC /* IQKeyboardManagerSwift.framework */; };
		A32475601F65A4DC00263D04 /* NewLapTimeTableViewCell.swift in Sources */ = {isa = PBXBuildFile; fileRef = A324755F1F65A4DC00263D04 /* NewLapTimeTableViewCell.swift */; };
		A32475621F65BF9A00263D04 /* Container.swift in Sources */ = {isa = PBXBuildFile; fileRef = A32475611F65BF9A00263D04 /* Container.swift */; };
		A37096D81F6E6C7A00CC1716 /* LapTimeCollectionViewCell.swift in Sources */ = {isa = PBXBuildFile; fileRef = A37096D71F6E6C7A00CC1716 /* LapTimeCollectionViewCell.swift */; };
		A3786DC11F655E9C008BCDFC /* TextFieldTableViewCell.swift in Sources */ = {isa = PBXBuildFile; fileRef = A3786DC01F655E9C008BCDFC /* TextFieldTableViewCell.swift */; };
		A3786DC41F655F38008BCDFC /* Reusable.swift in Sources */ = {isa = PBXBuildFile; fileRef = A3786DC31F655F38008BCDFC /* Reusable.swift */; };
		A3786DC61F657118008BCDFC /* ErrorPresentable.swift in Sources */ = {isa = PBXBuildFile; fileRef = A3786DC51F657118008BCDFC /* ErrorPresentable.swift */; };
		A3786DC91F6571B2008BCDFC /* DisplayableError.swift in Sources */ = {isa = PBXBuildFile; fileRef = A3786DC81F6571B2008BCDFC /* DisplayableError.swift */; };
		A3786DCB1F6571D0008BCDFC /* NewCircuitError.swift in Sources */ = {isa = PBXBuildFile; fileRef = A3786DCA1F6571D0008BCDFC /* NewCircuitError.swift */; };
		A37AEF301F6BB36100BC8B02 /* RaceTableViewCell.swift in Sources */ = {isa = PBXBuildFile; fileRef = A37AEF2F1F6BB36100BC8B02 /* RaceTableViewCell.swift */; };
		A37AEF311F6BC0D200BC8B02 /* Swinject.framework in Frameworks */ = {isa = PBXBuildFile; fileRef = A32475651F65C5E000263D04 /* Swinject.framework */; };
		A37AEF321F6BC0D200BC8B02 /* SwinjectAutoregistration.framework in Frameworks */ = {isa = PBXBuildFile; fileRef = A32475641F65C5E000263D04 /* SwinjectAutoregistration.framework */; };
		A38766921F6AF96E008BC888 /* UICollectionViewExtensions.swift in Sources */ = {isa = PBXBuildFile; fileRef = A38766911F6AF96E008BC888 /* UICollectionViewExtensions.swift */; };
		B1007FB04DCB9E63DE5E43AD /* Pods_KartingCoach.framework in Frameworks */ = {isa = PBXBuildFile; fileRef = 8178A08008B6E7B14FB719AC /* Pods_KartingCoach.framework */; };
		EE83C85A1EFE9066CF9E7F2E /* Pods_KartingCoachTests.framework in Frameworks */ = {isa = PBXBuildFile; fileRef = 28B9AD903F7B483209349B86 /* Pods_KartingCoachTests.framework */; };
/* End PBXBuildFile section */

/* Begin PBXContainerItemProxy section */
		696FD6881F64962700DDDFE5 /* PBXContainerItemProxy */ = {
			isa = PBXContainerItemProxy;
			containerPortal = 69BA3DE41F37B53100CDC700 /* Project object */;
			proxyType = 1;
			remoteGlobalIDString = 696FD6771F64919800DDDFE5;
			remoteInfo = SwiftGen;
		};
		69BA3E031F37B5D000CDC700 /* PBXContainerItemProxy */ = {
			isa = PBXContainerItemProxy;
			containerPortal = 69BA3DE41F37B53100CDC700 /* Project object */;
			proxyType = 1;
			remoteGlobalIDString = 69BA3DED1F37B5D000CDC700;
			remoteInfo = TimeCoach;
		};
/* End PBXContainerItemProxy section */

/* Begin PBXFileReference section */
		0C9F7C8A1B667F90BA797A7B /* Pods-KartingCoach.debug.xcconfig */ = {isa = PBXFileReference; includeInIndex = 1; lastKnownFileType = text.xcconfig; name = "Pods-KartingCoach.debug.xcconfig"; path = "Pods/Target Support Files/Pods-KartingCoach/Pods-KartingCoach.debug.xcconfig"; sourceTree = "<group>"; };
		28B9AD903F7B483209349B86 /* Pods_KartingCoachTests.framework */ = {isa = PBXFileReference; explicitFileType = wrapper.framework; includeInIndex = 0; path = Pods_KartingCoachTests.framework; sourceTree = BUILT_PRODUCTS_DIR; };
		696FD6751F648EB600DDDFE5 /* CircuitFlowController.swift */ = {isa = PBXFileReference; lastKnownFileType = sourcecode.swift; path = CircuitFlowController.swift; sourceTree = "<group>"; };
		696FD6821F64924700DDDFE5 /* Base */ = {isa = PBXFileReference; lastKnownFileType = text.plist.strings; name = Base; path = Base.lproj/Localizable.strings; sourceTree = "<group>"; };
		696FD6831F6494D900DDDFE5 /* LocalizedStrings.swift */ = {isa = PBXFileReference; fileEncoding = 4; lastKnownFileType = sourcecode.swift; path = LocalizedStrings.swift; sourceTree = "<group>"; };
		696FD6861F6495EC00DDDFE5 /* Assets.swift */ = {isa = PBXFileReference; fileEncoding = 4; lastKnownFileType = sourcecode.swift; path = Assets.swift; sourceTree = "<group>"; };
		696FD68A1F64985900DDDFE5 /* CircuitDetailViewModel.swift */ = {isa = PBXFileReference; lastKnownFileType = sourcecode.swift; name = CircuitDetailViewModel.swift; path = "KartingCoach/View models/CircuitDetailViewModel.swift"; sourceTree = SOURCE_ROOT; };
		696FD68C1F6498A700DDDFE5 /* CircuitDetailViewController.swift */ = {isa = PBXFileReference; lastKnownFileType = sourcecode.swift; name = CircuitDetailViewController.swift; path = "KartingCoach/View controllers/CircuitDetailViewController.swift"; sourceTree = SOURCE_ROOT; };
		696FD68E1F649A0B00DDDFE5 /* NewCircuitViewModel.swift */ = {isa = PBXFileReference; lastKnownFileType = sourcecode.swift; name = NewCircuitViewModel.swift; path = "KartingCoach/View models/NewCircuitViewModel.swift"; sourceTree = SOURCE_ROOT; };
		696FD6901F649A2E00DDDFE5 /* NewCircuitViewController.swift */ = {isa = PBXFileReference; lastKnownFileType = sourcecode.swift; name = NewCircuitViewController.swift; path = "KartingCoach/View controllers/NewCircuitViewController.swift"; sourceTree = SOURCE_ROOT; };
		696FD6921F649F2900DDDFE5 /* CircuitDetailHeader.swift */ = {isa = PBXFileReference; lastKnownFileType = sourcecode.swift; path = CircuitDetailHeader.swift; sourceTree = "<group>"; };
		696FD6941F6535F600DDDFE5 /* LapTimeTableViewCell.swift */ = {isa = PBXFileReference; lastKnownFileType = sourcecode.swift; path = LapTimeTableViewCell.swift; sourceTree = "<group>"; };
		699D03F41F37C13500FC9EB5 /* SnapKit.framework */ = {isa = PBXFileReference; lastKnownFileType = wrapper.framework; name = SnapKit.framework; path = Carthage/Build/iOS/SnapKit.framework; sourceTree = "<group>"; };
		699D03F51F37C13500FC9EB5 /* AlamofireImage.framework */ = {isa = PBXFileReference; lastKnownFileType = wrapper.framework; name = AlamofireImage.framework; path = Carthage/Build/iOS/AlamofireImage.framework; sourceTree = "<group>"; };
		699D03F61F37C13500FC9EB5 /* AlamofireNetworkActivityIndicator.framework */ = {isa = PBXFileReference; lastKnownFileType = wrapper.framework; name = AlamofireNetworkActivityIndicator.framework; path = Carthage/Build/iOS/AlamofireNetworkActivityIndicator.framework; sourceTree = "<group>"; };
		699D03F71F37C13500FC9EB5 /* ReSwift.framework */ = {isa = PBXFileReference; lastKnownFileType = wrapper.framework; name = ReSwift.framework; path = Carthage/Build/iOS/ReSwift.framework; sourceTree = "<group>"; };
		699D03F81F37C13500FC9EB5 /* Alamofire.framework */ = {isa = PBXFileReference; lastKnownFileType = wrapper.framework; name = Alamofire.framework; path = Carthage/Build/iOS/Alamofire.framework; sourceTree = "<group>"; };
		699D04031F37C4D000FC9EB5 /* AppFlowController.swift */ = {isa = PBXFileReference; lastKnownFileType = sourcecode.swift; path = AppFlowController.swift; sourceTree = "<group>"; };
		699D04051F37C4F200FC9EB5 /* FlowController.swift */ = {isa = PBXFileReference; lastKnownFileType = sourcecode.swift; path = FlowController.swift; sourceTree = "<group>"; };
		699D04071F37CAD400FC9EB5 /* ReactiveCocoa.framework */ = {isa = PBXFileReference; lastKnownFileType = wrapper.framework; name = ReactiveCocoa.framework; path = Carthage/Build/iOS/ReactiveCocoa.framework; sourceTree = "<group>"; };
		699D04081F37CAD400FC9EB5 /* Result.framework */ = {isa = PBXFileReference; lastKnownFileType = wrapper.framework; name = Result.framework; path = Carthage/Build/iOS/Result.framework; sourceTree = "<group>"; };
		699D04091F37CAD400FC9EB5 /* ReactiveSwift.framework */ = {isa = PBXFileReference; lastKnownFileType = wrapper.framework; name = ReactiveSwift.framework; path = Carthage/Build/iOS/ReactiveSwift.framework; sourceTree = "<group>"; };
		69A2CD951F58C3D500E29590 /* LapTime.swift */ = {isa = PBXFileReference; lastKnownFileType = sourcecode.swift; path = LapTime.swift; sourceTree = "<group>"; };
		69A2CD9B1F58C92100E29590 /* Race.swift */ = {isa = PBXFileReference; lastKnownFileType = sourcecode.swift; path = Race.swift; sourceTree = "<group>"; };
		69A2CD9D1F58C9E800E29590 /* Circuit.swift */ = {isa = PBXFileReference; lastKnownFileType = sourcecode.swift; path = Circuit.swift; sourceTree = "<group>"; };
		69AC8FC01F58CD8600E80EB7 /* LapTimeHelpers.swift */ = {isa = PBXFileReference; lastKnownFileType = sourcecode.swift; path = LapTimeHelpers.swift; sourceTree = "<group>"; };
		69AC8FC21F58CE7100E80EB7 /* GeneralHelpers.swift */ = {isa = PBXFileReference; lastKnownFileType = sourcecode.swift; path = GeneralHelpers.swift; sourceTree = "<group>"; };
		69B2162E1F65395600047B7E /* Formatters.swift */ = {isa = PBXFileReference; lastKnownFileType = sourcecode.swift; path = Formatters.swift; sourceTree = "<group>"; };
		69B216351F6540D000047B7E /* Colors.swift */ = {isa = PBXFileReference; lastKnownFileType = sourcecode.swift; path = Colors.swift; sourceTree = "<group>"; };
		69B216371F65448E00047B7E /* Chameleon.framework */ = {isa = PBXFileReference; lastKnownFileType = wrapper.framework; name = Chameleon.framework; path = Carthage/Build/iOS/Chameleon.framework; sourceTree = "<group>"; };
		69B216391F65471100047B7E /* NewRaceViewModel.swift */ = {isa = PBXFileReference; lastKnownFileType = sourcecode.swift; path = NewRaceViewModel.swift; sourceTree = "<group>"; };
		69B2163B1F65475500047B7E /* NewRaceViewController.swift */ = {isa = PBXFileReference; lastKnownFileType = sourcecode.swift; path = NewRaceViewController.swift; sourceTree = "<group>"; };
		69BA3DEE1F37B5D000CDC700 /* KartingCoach.app */ = {isa = PBXFileReference; explicitFileType = wrapper.application; includeInIndex = 0; path = KartingCoach.app; sourceTree = BUILT_PRODUCTS_DIR; };
		69BA3DF11F37B5D000CDC700 /* AppDelegate.swift */ = {isa = PBXFileReference; lastKnownFileType = sourcecode.swift; path = AppDelegate.swift; sourceTree = "<group>"; };
		69BA3DF81F37B5D000CDC700 /* Assets.xcassets */ = {isa = PBXFileReference; lastKnownFileType = folder.assetcatalog; path = Assets.xcassets; sourceTree = "<group>"; };
		69BA3DFB1F37B5D000CDC700 /* Base */ = {isa = PBXFileReference; lastKnownFileType = file.storyboard; name = Base; path = Base.lproj/LaunchScreen.storyboard; sourceTree = "<group>"; };
		69BA3DFD1F37B5D000CDC700 /* Info.plist */ = {isa = PBXFileReference; lastKnownFileType = text.plist.xml; path = Info.plist; sourceTree = "<group>"; };
		69BA3E021F37B5D000CDC700 /* KartingCoachTests.xctest */ = {isa = PBXFileReference; explicitFileType = wrapper.cfbundle; includeInIndex = 0; path = KartingCoachTests.xctest; sourceTree = BUILT_PRODUCTS_DIR; };
		69BA3E061F37B5D000CDC700 /* LapTimeTests.swift */ = {isa = PBXFileReference; lastKnownFileType = sourcecode.swift; path = LapTimeTests.swift; sourceTree = "<group>"; };
		69BA3E081F37B5D000CDC700 /* Info.plist */ = {isa = PBXFileReference; lastKnownFileType = text.plist.xml; path = Info.plist; sourceTree = "<group>"; };
		69EFE6661F6484BC0090740B /* LapTimeStore.swift */ = {isa = PBXFileReference; lastKnownFileType = sourcecode.swift; path = LapTimeStore.swift; sourceTree = "<group>"; };
		69EFE6681F6486E40090740B /* AppDependency.swift */ = {isa = PBXFileReference; lastKnownFileType = sourcecode.swift; path = AppDependency.swift; sourceTree = "<group>"; };
		69EFE66A1F6487CD0090740B /* CircuitListViewController.swift */ = {isa = PBXFileReference; lastKnownFileType = sourcecode.swift; path = CircuitListViewController.swift; sourceTree = "<group>"; };
		69EFE66D1F64881B0090740B /* BaseViewController.swift */ = {isa = PBXFileReference; lastKnownFileType = sourcecode.swift; path = BaseViewController.swift; sourceTree = "<group>"; };
		69EFE6701F64886E0090740B /* CircuitListViewModel.swift */ = {isa = PBXFileReference; lastKnownFileType = sourcecode.swift; path = CircuitListViewModel.swift; sourceTree = "<group>"; };
		69EFE6731F648A3D0090740B /* UITableViewExtensions.swift */ = {isa = PBXFileReference; lastKnownFileType = sourcecode.swift; path = UITableViewExtensions.swift; sourceTree = "<group>"; };
		69EFE6791F648D070090740B /* CircuitTableViewCell.swift */ = {isa = PBXFileReference; lastKnownFileType = sourcecode.swift; path = CircuitTableViewCell.swift; sourceTree = "<group>"; };
		8178A08008B6E7B14FB719AC /* Pods_KartingCoach.framework */ = {isa = PBXFileReference; explicitFileType = wrapper.framework; includeInIndex = 0; path = Pods_KartingCoach.framework; sourceTree = BUILT_PRODUCTS_DIR; };
		A31D0F011F697902001601AC /* TPKeyboardAvoidingKit.framework */ = {isa = PBXFileReference; lastKnownFileType = wrapper.framework; name = TPKeyboardAvoidingKit.framework; path = Carthage/Build/iOS/TPKeyboardAvoidingKit.framework; sourceTree = "<group>"; };
		A31D0F031F697F3B001601AC /* IQKeyboardManagerSwift.framework */ = {isa = PBXFileReference; lastKnownFileType = wrapper.framework; name = IQKeyboardManagerSwift.framework; path = Carthage/Build/iOS/IQKeyboardManagerSwift.framework; sourceTree = "<group>"; };
		A324755F1F65A4DC00263D04 /* NewLapTimeTableViewCell.swift */ = {isa = PBXFileReference; lastKnownFileType = sourcecode.swift; path = NewLapTimeTableViewCell.swift; sourceTree = "<group>"; };
		A32475611F65BF9A00263D04 /* Container.swift */ = {isa = PBXFileReference; lastKnownFileType = sourcecode.swift; path = Container.swift; sourceTree = "<group>"; };
		A32475641F65C5E000263D04 /* SwinjectAutoregistration.framework */ = {isa = PBXFileReference; lastKnownFileType = wrapper.framework; name = SwinjectAutoregistration.framework; path = Carthage/Build/iOS/SwinjectAutoregistration.framework; sourceTree = "<group>"; };
		A32475651F65C5E000263D04 /* Swinject.framework */ = {isa = PBXFileReference; lastKnownFileType = wrapper.framework; name = Swinject.framework; path = Carthage/Build/iOS/Swinject.framework; sourceTree = "<group>"; };
		A37096D71F6E6C7A00CC1716 /* LapTimeCollectionViewCell.swift */ = {isa = PBXFileReference; lastKnownFileType = sourcecode.swift; path = LapTimeCollectionViewCell.swift; sourceTree = "<group>"; };
		A3786DC01F655E9C008BCDFC /* TextFieldTableViewCell.swift */ = {isa = PBXFileReference; lastKnownFileType = sourcecode.swift; path = TextFieldTableViewCell.swift; sourceTree = "<group>"; };
		A3786DC31F655F38008BCDFC /* Reusable.swift */ = {isa = PBXFileReference; lastKnownFileType = sourcecode.swift; path = Reusable.swift; sourceTree = "<group>"; };
		A3786DC51F657118008BCDFC /* ErrorPresentable.swift */ = {isa = PBXFileReference; lastKnownFileType = sourcecode.swift; path = ErrorPresentable.swift; sourceTree = "<group>"; };
		A3786DC81F6571B2008BCDFC /* DisplayableError.swift */ = {isa = PBXFileReference; lastKnownFileType = sourcecode.swift; path = DisplayableError.swift; sourceTree = "<group>"; };
		A3786DCA1F6571D0008BCDFC /* NewCircuitError.swift */ = {isa = PBXFileReference; lastKnownFileType = sourcecode.swift; path = NewCircuitError.swift; sourceTree = "<group>"; };
		A37AEF2F1F6BB36100BC8B02 /* RaceTableViewCell.swift */ = {isa = PBXFileReference; lastKnownFileType = sourcecode.swift; path = RaceTableViewCell.swift; sourceTree = "<group>"; };
		A38766911F6AF96E008BC888 /* UICollectionViewExtensions.swift */ = {isa = PBXFileReference; lastKnownFileType = sourcecode.swift; path = UICollectionViewExtensions.swift; sourceTree = "<group>"; };
		A3F8C41F83ABDFA50A9486B2 /* Pods-KartingCoachTests.debug.xcconfig */ = {isa = PBXFileReference; includeInIndex = 1; lastKnownFileType = text.xcconfig; name = "Pods-KartingCoachTests.debug.xcconfig"; path = "Pods/Target Support Files/Pods-KartingCoachTests/Pods-KartingCoachTests.debug.xcconfig"; sourceTree = "<group>"; };
		ACE63B0549E19EF5E01D7F74 /* Pods-KartingCoachTests.release.xcconfig */ = {isa = PBXFileReference; includeInIndex = 1; lastKnownFileType = text.xcconfig; name = "Pods-KartingCoachTests.release.xcconfig"; path = "Pods/Target Support Files/Pods-KartingCoachTests/Pods-KartingCoachTests.release.xcconfig"; sourceTree = "<group>"; };
		CF672FF604205F70C2F5B12C /* Pods-KartingCoach.release.xcconfig */ = {isa = PBXFileReference; includeInIndex = 1; lastKnownFileType = text.xcconfig; name = "Pods-KartingCoach.release.xcconfig"; path = "Pods/Target Support Files/Pods-KartingCoach/Pods-KartingCoach.release.xcconfig"; sourceTree = "<group>"; };
/* End PBXFileReference section */

/* Begin PBXFrameworksBuildPhase section */
		69BA3DEB1F37B5D000CDC700 /* Frameworks */ = {
			isa = PBXFrameworksBuildPhase;
			buildActionMask = 2147483647;
			files = (
				A37AEF311F6BC0D200BC8B02 /* Swinject.framework in Frameworks */,
				A37AEF321F6BC0D200BC8B02 /* SwinjectAutoregistration.framework in Frameworks */,
				A31D0F041F697F3B001601AC /* IQKeyboardManagerSwift.framework in Frameworks */,
				69B216381F65448E00047B7E /* Chameleon.framework in Frameworks */,
				699D040A1F37CAD400FC9EB5 /* ReactiveCocoa.framework in Frameworks */,
				699D040B1F37CAD400FC9EB5 /* Result.framework in Frameworks */,
				699D040C1F37CAD400FC9EB5 /* ReactiveSwift.framework in Frameworks */,
				699D03F91F37C13500FC9EB5 /* SnapKit.framework in Frameworks */,
				699D03FA1F37C13500FC9EB5 /* AlamofireImage.framework in Frameworks */,
				699D03FB1F37C13500FC9EB5 /* AlamofireNetworkActivityIndicator.framework in Frameworks */,
				699D03FC1F37C13500FC9EB5 /* ReSwift.framework in Frameworks */,
				699D03FD1F37C13500FC9EB5 /* Alamofire.framework in Frameworks */,
				B1007FB04DCB9E63DE5E43AD /* Pods_KartingCoach.framework in Frameworks */,
			);
			runOnlyForDeploymentPostprocessing = 0;
		};
		69BA3DFF1F37B5D000CDC700 /* Frameworks */ = {
			isa = PBXFrameworksBuildPhase;
			buildActionMask = 2147483647;
			files = (
				EE83C85A1EFE9066CF9E7F2E /* Pods_KartingCoachTests.framework in Frameworks */,
			);
			runOnlyForDeploymentPostprocessing = 0;
		};
/* End PBXFrameworksBuildPhase section */

/* Begin PBXGroup section */
		45FA7F328DC0236D58DCDE11 /* Pods */ = {
			isa = PBXGroup;
			children = (
				0C9F7C8A1B667F90BA797A7B /* Pods-KartingCoach.debug.xcconfig */,
				CF672FF604205F70C2F5B12C /* Pods-KartingCoach.release.xcconfig */,
				A3F8C41F83ABDFA50A9486B2 /* Pods-KartingCoachTests.debug.xcconfig */,
				ACE63B0549E19EF5E01D7F74 /* Pods-KartingCoachTests.release.xcconfig */,
			);
			name = Pods;
			sourceTree = "<group>";
		};
		5DF8F5BFD31C194FE0920308 /* Frameworks */ = {
			isa = PBXGroup;
			children = (
				A31D0F031F697F3B001601AC /* IQKeyboardManagerSwift.framework */,
				A31D0F011F697902001601AC /* TPKeyboardAvoidingKit.framework */,
				A32475651F65C5E000263D04 /* Swinject.framework */,
				A32475641F65C5E000263D04 /* SwinjectAutoregistration.framework */,
				69B216371F65448E00047B7E /* Chameleon.framework */,
				699D04071F37CAD400FC9EB5 /* ReactiveCocoa.framework */,
				699D04091F37CAD400FC9EB5 /* ReactiveSwift.framework */,
				699D04081F37CAD400FC9EB5 /* Result.framework */,
				699D03F81F37C13500FC9EB5 /* Alamofire.framework */,
				699D03F51F37C13500FC9EB5 /* AlamofireImage.framework */,
				699D03F61F37C13500FC9EB5 /* AlamofireNetworkActivityIndicator.framework */,
				699D03F71F37C13500FC9EB5 /* ReSwift.framework */,
				699D03F41F37C13500FC9EB5 /* SnapKit.framework */,
				8178A08008B6E7B14FB719AC /* Pods_KartingCoach.framework */,
				28B9AD903F7B483209349B86 /* Pods_KartingCoachTests.framework */,
			);
			name = Frameworks;
			sourceTree = "<group>";
		};
		696FD67C1F64921A00DDDFE5 /* Resources */ = {
			isa = PBXGroup;
			children = (
				696FD6861F6495EC00DDDFE5 /* Assets.swift */,
				69B216351F6540D000047B7E /* Colors.swift */,
				696FD6831F6494D900DDDFE5 /* LocalizedStrings.swift */,
				69BA3DF81F37B5D000CDC700 /* Assets.xcassets */,
				69BA3DFA1F37B5D000CDC700 /* LaunchScreen.storyboard */,
				696FD6811F64923D00DDDFE5 /* Localizable.strings */,
			);
			path = Resources;
			sourceTree = "<group>";
		};
		699D03FF1F37C4C500FC9EB5 /* Flow controllers */ = {
			isa = PBXGroup;
			children = (
				699D04031F37C4D000FC9EB5 /* AppFlowController.swift */,
				699D04051F37C4F200FC9EB5 /* FlowController.swift */,
				696FD6751F648EB600DDDFE5 /* CircuitFlowController.swift */,
			);
			path = "Flow controllers";
			sourceTree = "<group>";
		};
		699D04001F37C4C500FC9EB5 /* View controllers */ = {
			isa = PBXGroup;
			children = (
				69EFE66C1F64880F0090740B /* Base */,
				69EFE66A1F6487CD0090740B /* CircuitListViewController.swift */,
				696FD68C1F6498A700DDDFE5 /* CircuitDetailViewController.swift */,
				696FD6901F649A2E00DDDFE5 /* NewCircuitViewController.swift */,
				69B2163B1F65475500047B7E /* NewRaceViewController.swift */,
			);
			path = "View controllers";
			sourceTree = "<group>";
		};
		69A2CD921F58C37A00E29590 /* Model */ = {
			isa = PBXGroup;
			children = (
				69A2CD951F58C3D500E29590 /* LapTime.swift */,
				69A2CD9B1F58C92100E29590 /* Race.swift */,
				69A2CD9D1F58C9E800E29590 /* Circuit.swift */,
				69B2162E1F65395600047B7E /* Formatters.swift */,
			);
			path = Model;
			sourceTree = "<group>";
		};
		69AC8FBF1F58CD7A00E80EB7 /* Helpers */ = {
			isa = PBXGroup;
			children = (
				69AC8FC01F58CD8600E80EB7 /* LapTimeHelpers.swift */,
				69AC8FC21F58CE7100E80EB7 /* GeneralHelpers.swift */,
			);
			path = Helpers;
			sourceTree = "<group>";
		};
		69BA3DE31F37B53100CDC700 = {
			isa = PBXGroup;
			children = (
				69BA3DF01F37B5D000CDC700 /* KartingCoach */,
				69BA3E051F37B5D000CDC700 /* KartingCoachTests */,
				69BA3DEF1F37B5D000CDC700 /* Products */,
				45FA7F328DC0236D58DCDE11 /* Pods */,
				5DF8F5BFD31C194FE0920308 /* Frameworks */,
			);
			sourceTree = "<group>";
		};
		69BA3DEF1F37B5D000CDC700 /* Products */ = {
			isa = PBXGroup;
			children = (
				69BA3DEE1F37B5D000CDC700 /* KartingCoach.app */,
				69BA3E021F37B5D000CDC700 /* KartingCoachTests.xctest */,
			);
			name = Products;
			sourceTree = "<group>";
		};
		69BA3DF01F37B5D000CDC700 /* KartingCoach */ = {
			isa = PBXGroup;
			children = (
				A32475631F65BFA100263D04 /* DI */,
				A3786DC71F6571A8008BCDFC /* Errors */,
				A3786DC21F655F30008BCDFC /* Protocols */,
				69EFE6721F648A280090740B /* Extensions */,
				69EFE6651F6484940090740B /* Services */,
				69A2CD921F58C37A00E29590 /* Model */,
				699D03FF1F37C4C500FC9EB5 /* Flow controllers */,
				69EFE6771F648CE70090740B /* Views */,
				699D04001F37C4C500FC9EB5 /* View controllers */,
				69EFE66F1F64885A0090740B /* View models */,
				69BA3DF11F37B5D000CDC700 /* AppDelegate.swift */,
				69EFE6681F6486E40090740B /* AppDependency.swift */,
				696FD67C1F64921A00DDDFE5 /* Resources */,
				69BA3DFD1F37B5D000CDC700 /* Info.plist */,
			);
			path = KartingCoach;
			sourceTree = "<group>";
		};
		69BA3E051F37B5D000CDC700 /* KartingCoachTests */ = {
			isa = PBXGroup;
			children = (
				69AC8FBF1F58CD7A00E80EB7 /* Helpers */,
				69BA3E061F37B5D000CDC700 /* LapTimeTests.swift */,
				69BA3E081F37B5D000CDC700 /* Info.plist */,
			);
			path = KartingCoachTests;
			sourceTree = "<group>";
		};
		69EFE6651F6484940090740B /* Services */ = {
			isa = PBXGroup;
			children = (
				69EFE6661F6484BC0090740B /* LapTimeStore.swift */,
			);
			path = Services;
			sourceTree = "<group>";
		};
		69EFE66C1F64880F0090740B /* Base */ = {
			isa = PBXGroup;
			children = (
				69EFE66D1F64881B0090740B /* BaseViewController.swift */,
			);
			path = Base;
			sourceTree = "<group>";
		};
		69EFE66F1F64885A0090740B /* View models */ = {
			isa = PBXGroup;
			children = (
				69EFE6701F64886E0090740B /* CircuitListViewModel.swift */,
				696FD68A1F64985900DDDFE5 /* CircuitDetailViewModel.swift */,
				696FD68E1F649A0B00DDDFE5 /* NewCircuitViewModel.swift */,
				69B216391F65471100047B7E /* NewRaceViewModel.swift */,
			);
			path = "View models";
			sourceTree = "<group>";
		};
		69EFE6721F648A280090740B /* Extensions */ = {
			isa = PBXGroup;
			children = (
				A38766911F6AF96E008BC888 /* UICollectionViewExtensions.swift */,
				69EFE6731F648A3D0090740B /* UITableViewExtensions.swift */,
			);
			path = Extensions;
			sourceTree = "<group>";
		};
		69EFE6771F648CE70090740B /* Views */ = {
			isa = PBXGroup;
			children = (
				69EFE6781F648CF90090740B /* Cells */,
				696FD6921F649F2900DDDFE5 /* CircuitDetailHeader.swift */,
			);
			path = Views;
			sourceTree = "<group>";
		};
		69EFE6781F648CF90090740B /* Cells */ = {
			isa = PBXGroup;
			children = (
				A37096D71F6E6C7A00CC1716 /* LapTimeCollectionViewCell.swift */,
				A37AEF2F1F6BB36100BC8B02 /* RaceTableViewCell.swift */,
				A324755F1F65A4DC00263D04 /* NewLapTimeTableViewCell.swift */,
				A3786DC01F655E9C008BCDFC /* TextFieldTableViewCell.swift */,
				69EFE6791F648D070090740B /* CircuitTableViewCell.swift */,
				696FD6941F6535F600DDDFE5 /* LapTimeTableViewCell.swift */,
			);
			path = Cells;
			sourceTree = "<group>";
		};
		A32475631F65BFA100263D04 /* DI */ = {
			isa = PBXGroup;
			children = (
				A32475611F65BF9A00263D04 /* Container.swift */,
			);
			path = DI;
			sourceTree = "<group>";
		};
		A3786DC21F655F30008BCDFC /* Protocols */ = {
			isa = PBXGroup;
			children = (
				A3786DC81F6571B2008BCDFC /* DisplayableError.swift */,
				A3786DC51F657118008BCDFC /* ErrorPresentable.swift */,
				A3786DC31F655F38008BCDFC /* Reusable.swift */,
			);
			path = Protocols;
			sourceTree = "<group>";
		};
		A3786DC71F6571A8008BCDFC /* Errors */ = {
			isa = PBXGroup;
			children = (
				A3786DCA1F6571D0008BCDFC /* NewCircuitError.swift */,
			);
			path = Errors;
			sourceTree = "<group>";
		};
/* End PBXGroup section */

/* Begin PBXNativeTarget section */
		69BA3DED1F37B5D000CDC700 /* KartingCoach */ = {
			isa = PBXNativeTarget;
			buildConfigurationList = 69BA3E0D1F37B5D000CDC700 /* Build configuration list for PBXNativeTarget "KartingCoach" */;
			buildPhases = (
				A6EF79AC25201D2EDF186A32 /* [CP] Check Pods Manifest.lock */,
				69BA3DEA1F37B5D000CDC700 /* Sources */,
				69BA3DEB1F37B5D000CDC700 /* Frameworks */,
				69BA3DEC1F37B5D000CDC700 /* Resources */,
				4349DCB1D26A99F6343A2CBF /* [CP] Embed Pods Frameworks */,
				1BBAB104B0C82601B443851A /* [CP] Copy Pods Resources */,
				699D03FE1F37C14E00FC9EB5 /* Carthage stuff */,
			);
			buildRules = (
			);
			dependencies = (
				696FD6891F64962700DDDFE5 /* PBXTargetDependency */,
			);
			name = KartingCoach;
			productName = TimeCoach;
			productReference = 69BA3DEE1F37B5D000CDC700 /* KartingCoach.app */;
			productType = "com.apple.product-type.application";
		};
		69BA3E011F37B5D000CDC700 /* KartingCoachTests */ = {
			isa = PBXNativeTarget;
			buildConfigurationList = 69BA3E0E1F37B5D000CDC700 /* Build configuration list for PBXNativeTarget "KartingCoachTests" */;
			buildPhases = (
				58A12CE6F13190491BA4E0B5 /* [CP] Check Pods Manifest.lock */,
				69BA3DFE1F37B5D000CDC700 /* Sources */,
				69BA3DFF1F37B5D000CDC700 /* Frameworks */,
				69BA3E001F37B5D000CDC700 /* Resources */,
				4187434CBF9059E61635AB3C /* [CP] Embed Pods Frameworks */,
				10ABA82702E3EBB9BC90391B /* [CP] Copy Pods Resources */,
			);
			buildRules = (
			);
			dependencies = (
				69BA3E041F37B5D000CDC700 /* PBXTargetDependency */,
			);
			name = KartingCoachTests;
			productName = TimeCoachTests;
			productReference = 69BA3E021F37B5D000CDC700 /* KartingCoachTests.xctest */;
			productType = "com.apple.product-type.bundle.unit-test";
		};
/* End PBXNativeTarget section */

/* Begin PBXProject section */
		69BA3DE41F37B53100CDC700 /* Project object */ = {
			isa = PBXProject;
			attributes = {
				LastSwiftUpdateCheck = 0900;
				LastUpgradeCheck = 0900;
				TargetAttributes = {
					696FD6771F64919800DDDFE5 = {
						CreatedOnToolsVersion = 9.0;
						ProvisioningStyle = Automatic;
					};
					69BA3DED1F37B5D000CDC700 = {
						CreatedOnToolsVersion = 9.0;
						ProvisioningStyle = Manual;
					};
					69BA3E011F37B5D000CDC700 = {
						CreatedOnToolsVersion = 9.0;
						TestTargetID = 69BA3DED1F37B5D000CDC700;
					};
				};
			};
			buildConfigurationList = 69BA3DE71F37B53100CDC700 /* Build configuration list for PBXProject "KartingCoach" */;
			compatibilityVersion = "Xcode 8.0";
			developmentRegion = en;
			hasScannedForEncodings = 0;
			knownRegions = (
				en,
				Base,
			);
			mainGroup = 69BA3DE31F37B53100CDC700;
			productRefGroup = 69BA3DEF1F37B5D000CDC700 /* Products */;
			projectDirPath = "";
			projectRoot = "";
			targets = (
				69BA3DED1F37B5D000CDC700 /* KartingCoach */,
				69BA3E011F37B5D000CDC700 /* KartingCoachTests */,
				696FD6771F64919800DDDFE5 /* SwiftGen */,
			);
		};
/* End PBXProject section */

/* Begin PBXResourcesBuildPhase section */
		69BA3DEC1F37B5D000CDC700 /* Resources */ = {
			isa = PBXResourcesBuildPhase;
			buildActionMask = 2147483647;
			files = (
				69BA3DFC1F37B5D000CDC700 /* LaunchScreen.storyboard in Resources */,
				696FD67F1F64923D00DDDFE5 /* Localizable.strings in Resources */,
				69BA3DF91F37B5D000CDC700 /* Assets.xcassets in Resources */,
			);
			runOnlyForDeploymentPostprocessing = 0;
		};
		69BA3E001F37B5D000CDC700 /* Resources */ = {
			isa = PBXResourcesBuildPhase;
			buildActionMask = 2147483647;
			files = (
			);
			runOnlyForDeploymentPostprocessing = 0;
		};
/* End PBXResourcesBuildPhase section */

/* Begin PBXShellScriptBuildPhase section */
		10ABA82702E3EBB9BC90391B /* [CP] Copy Pods Resources */ = {
			isa = PBXShellScriptBuildPhase;
			buildActionMask = 2147483647;
			files = (
			);
			inputPaths = (
			);
			name = "[CP] Copy Pods Resources";
			outputPaths = (
			);
			runOnlyForDeploymentPostprocessing = 0;
			shellPath = /bin/sh;
			shellScript = "\"${SRCROOT}/Pods/Target Support Files/Pods-KartingCoachTests/Pods-KartingCoachTests-resources.sh\"\n";
			showEnvVarsInLog = 0;
		};
		1BBAB104B0C82601B443851A /* [CP] Copy Pods Resources */ = {
			isa = PBXShellScriptBuildPhase;
			buildActionMask = 2147483647;
			files = (
			);
			inputPaths = (
			);
			name = "[CP] Copy Pods Resources";
			outputPaths = (
			);
			runOnlyForDeploymentPostprocessing = 0;
			shellPath = /bin/sh;
			shellScript = "\"${SRCROOT}/Pods/Target Support Files/Pods-KartingCoach/Pods-KartingCoach-resources.sh\"\n";
			showEnvVarsInLog = 0;
		};
		4187434CBF9059E61635AB3C /* [CP] Embed Pods Frameworks */ = {
			isa = PBXShellScriptBuildPhase;
			buildActionMask = 2147483647;
			files = (
			);
			inputPaths = (
			);
			name = "[CP] Embed Pods Frameworks";
			outputPaths = (
			);
			runOnlyForDeploymentPostprocessing = 0;
			shellPath = /bin/sh;
			shellScript = "\"${SRCROOT}/Pods/Target Support Files/Pods-KartingCoachTests/Pods-KartingCoachTests-frameworks.sh\"\n";
			showEnvVarsInLog = 0;
		};
		4349DCB1D26A99F6343A2CBF /* [CP] Embed Pods Frameworks */ = {
			isa = PBXShellScriptBuildPhase;
			buildActionMask = 2147483647;
			files = (
			);
			inputPaths = (
				"${SRCROOT}/Pods/Target Support Files/Pods-KartingCoach/Pods-KartingCoach-frameworks.sh",
				"${BUILT_PRODUCTS_DIR}/GoogleToolboxForMac/GoogleToolboxForMac.framework",
				"${BUILT_PRODUCTS_DIR}/TesseractOCRiOS/TesseractOCR.framework",
				"${BUILT_PRODUCTS_DIR}/nanopb/nanopb.framework",
			);
			name = "[CP] Embed Pods Frameworks";
			outputPaths = (
				"${TARGET_BUILD_DIR}/${FRAMEWORKS_FOLDER_PATH}/GoogleToolboxForMac.framework",
				"${TARGET_BUILD_DIR}/${FRAMEWORKS_FOLDER_PATH}/TesseractOCR.framework",
				"${TARGET_BUILD_DIR}/${FRAMEWORKS_FOLDER_PATH}/nanopb.framework",
			);
			runOnlyForDeploymentPostprocessing = 0;
			shellPath = /bin/sh;
			shellScript = "\"${SRCROOT}/Pods/Target Support Files/Pods-KartingCoach/Pods-KartingCoach-frameworks.sh\"\n";
			showEnvVarsInLog = 0;
		};
		58A12CE6F13190491BA4E0B5 /* [CP] Check Pods Manifest.lock */ = {
			isa = PBXShellScriptBuildPhase;
			buildActionMask = 2147483647;
			files = (
			);
			inputPaths = (
				"${PODS_PODFILE_DIR_PATH}/Podfile.lock",
				"${PODS_ROOT}/Manifest.lock",
			);
			name = "[CP] Check Pods Manifest.lock";
			outputPaths = (
				"$(DERIVED_FILE_DIR)/Pods-KartingCoachTests-checkManifestLockResult.txt",
			);
			runOnlyForDeploymentPostprocessing = 0;
			shellPath = /bin/sh;
			shellScript = "diff \"${PODS_PODFILE_DIR_PATH}/Podfile.lock\" \"${PODS_ROOT}/Manifest.lock\" > /dev/null\nif [ $? != 0 ] ; then\n    # print error to STDERR\n    echo \"error: The sandbox is not in sync with the Podfile.lock. Run 'pod install' or update your CocoaPods installation.\" >&2\n    exit 1\nfi\n# This output is used by Xcode 'outputs' to avoid re-running this script phase.\necho \"SUCCESS\" > \"${SCRIPT_OUTPUT_FILE_0}\"\n";
			showEnvVarsInLog = 0;
		};
		696FD67B1F6491A300DDDFE5 /* Generate string enums */ = {
			isa = PBXShellScriptBuildPhase;
			buildActionMask = 2147483647;
			files = (
			);
			inputPaths = (
			);
			name = "Generate string enums";
			outputPaths = (
			);
			runOnlyForDeploymentPostprocessing = 0;
			shellPath = /bin/sh;
			shellScript = "$SWIFTGEN strings -t structured-swift4 \"$RESOURCES/Base.lproj/Localizable.strings\" > \"$RESOURCES/LocalizedStrings.swift\"";
		};
		696FD6851F64956A00DDDFE5 /* Generate assets enums */ = {
			isa = PBXShellScriptBuildPhase;
			buildActionMask = 2147483647;
			files = (
			);
			inputPaths = (
			);
			name = "Generate assets enums";
			outputPaths = (
			);
			runOnlyForDeploymentPostprocessing = 0;
			shellPath = /bin/sh;
			shellScript = "$SWIFTGEN xcassets -t swift4 \"$RESOURCES/Assets.xcassets\" > \"$RESOURCES/Assets.swift\"";
		};
		699D03FE1F37C14E00FC9EB5 /* Carthage stuff */ = {
			isa = PBXShellScriptBuildPhase;
			buildActionMask = 2147483647;
			files = (
			);
			inputPaths = (
				"$(SRCROOT)/Carthage/Build/iOS/SnapKit.framework",
				"$(SRCROOT)/Carthage/Build/iOS/ReactiveCocoa.framework",
				"$(SRCROOT)/Carthage/Build/iOS/ReactiveSwift.framework",
				"$(SRCROOT)/Carthage/Build/iOS/Result.framework",
				"$(SRCROOT)/Carthage/Build/iOS/Chameleon.framework",
				"$(SRCROOT)/Carthage/Build/iOS/Swinject.framework",
				"$(SRCROOT)/Carthage/Build/iOS/SwinjectAutoregistration.framework",
				"$(SRCROOT)/Carthage/Build/iOS/IQKeyboardManager.framework",
				"$(SRCROOT)/Carthage/Build/iOS/IQKeyboardManagerSwift.framework",
			);
			name = "Carthage stuff";
			outputPaths = (
				"$(BUILT_PRODUCTS_DIR)/$(FRAMEWORKS_FOLDER_PATH)/SnapKit.framework",
				"$(BUILT_PRODUCTS_DIR)/$(FRAMEWORKS_FOLDER_PATH)/ReactiveCocoa.framework",
				"$(BUILT_PRODUCTS_DIR)/$(FRAMEWORKS_FOLDER_PATH)/ReactiveSwift.framework",
				"$(BUILT_PRODUCTS_DIR)/$(FRAMEWORKS_FOLDER_PATH)/Result.framework",
				"$(BUILT_PRODUCTS_DIR)/$(FRAMEWORKS_FOLDER_PATH)/Chameleon.framework",
				"$(BUILT_PRODUCTS_DIR)/$(FRAMEWORKS_FOLDER_PATH)/Swinject.framework",
				"$(BUILT_PRODUCTS_DIR)/$(FRAMEWORKS_FOLDER_PATH)/SwinjectAutoregistration.framework",
				"$(BUILT_PRODUCTS_DIR)/$(FRAMEWORKS_FOLDER_PATH)/IQKeyboardManager.framework",
				"$(BUILT_PRODUCTS_DIR)/$(FRAMEWORKS_FOLDER_PATH)/IQKeyboardManagerSwift.framework",
			);
			runOnlyForDeploymentPostprocessing = 0;
			shellPath = /bin/sh;
			shellScript = "/usr/local/bin/carthage copy-frameworks";
		};
		A6EF79AC25201D2EDF186A32 /* [CP] Check Pods Manifest.lock */ = {
			isa = PBXShellScriptBuildPhase;
			buildActionMask = 2147483647;
			files = (
			);
			inputPaths = (
				"${PODS_PODFILE_DIR_PATH}/Podfile.lock",
				"${PODS_ROOT}/Manifest.lock",
			);
			name = "[CP] Check Pods Manifest.lock";
			outputPaths = (
				"$(DERIVED_FILE_DIR)/Pods-KartingCoach-checkManifestLockResult.txt",
			);
			runOnlyForDeploymentPostprocessing = 0;
			shellPath = /bin/sh;
			shellScript = "diff \"${PODS_PODFILE_DIR_PATH}/Podfile.lock\" \"${PODS_ROOT}/Manifest.lock\" > /dev/null\nif [ $? != 0 ] ; then\n    # print error to STDERR\n    echo \"error: The sandbox is not in sync with the Podfile.lock. Run 'pod install' or update your CocoaPods installation.\" >&2\n    exit 1\nfi\n# This output is used by Xcode 'outputs' to avoid re-running this script phase.\necho \"SUCCESS\" > \"${SCRIPT_OUTPUT_FILE_0}\"\n";
			showEnvVarsInLog = 0;
		};
/* End PBXShellScriptBuildPhase section */

/* Begin PBXSourcesBuildPhase section */
		69BA3DEA1F37B5D000CDC700 /* Sources */ = {
			isa = PBXSourcesBuildPhase;
			buildActionMask = 2147483647;
			files = (
				696FD6931F649F2900DDDFE5 /* CircuitDetailHeader.swift in Sources */,
				69B216361F6540D000047B7E /* Colors.swift in Sources */,
				A37AEF301F6BB36100BC8B02 /* RaceTableViewCell.swift in Sources */,
				69B2163C1F65475500047B7E /* NewRaceViewController.swift in Sources */,
				699D04041F37C4D000FC9EB5 /* AppFlowController.swift in Sources */,
				69B2163A1F65471100047B7E /* NewRaceViewModel.swift in Sources */,
				696FD6911F649A2E00DDDFE5 /* NewCircuitViewController.swift in Sources */,
				A3786DC11F655E9C008BCDFC /* TextFieldTableViewCell.swift in Sources */,
				696FD68D1F6498A700DDDFE5 /* CircuitDetailViewController.swift in Sources */,
				696FD6761F648EB600DDDFE5 /* CircuitFlowController.swift in Sources */,
				A3786DCB1F6571D0008BCDFC /* NewCircuitError.swift in Sources */,
				69BA3DF21F37B5D000CDC700 /* AppDelegate.swift in Sources */,
				696FD68F1F649A0B00DDDFE5 /* NewCircuitViewModel.swift in Sources */,
				69EFE67A1F648D070090740B /* CircuitTableViewCell.swift in Sources */,
				69B2162F1F65395600047B7E /* Formatters.swift in Sources */,
				696FD6841F6494D900DDDFE5 /* LocalizedStrings.swift in Sources */,
				69A2CD961F58C3D500E29590 /* LapTime.swift in Sources */,
				A37096D81F6E6C7A00CC1716 /* LapTimeCollectionViewCell.swift in Sources */,
				696FD6951F6535F600DDDFE5 /* LapTimeTableViewCell.swift in Sources */,
				A32475601F65A4DC00263D04 /* NewLapTimeTableViewCell.swift in Sources */,
				69A2CD9C1F58C92100E29590 /* Race.swift in Sources */,
				699D04061F37C4F200FC9EB5 /* FlowController.swift in Sources */,
				69EFE6741F648A3D0090740B /* UITableViewExtensions.swift in Sources */,
				696FD68B1F64985900DDDFE5 /* CircuitDetailViewModel.swift in Sources */,
				A3786DC41F655F38008BCDFC /* Reusable.swift in Sources */,
				A3786DC91F6571B2008BCDFC /* DisplayableError.swift in Sources */,
				69EFE6711F64886E0090740B /* CircuitListViewModel.swift in Sources */,
				A3786DC61F657118008BCDFC /* ErrorPresentable.swift in Sources */,
				696FD6871F6495EC00DDDFE5 /* Assets.swift in Sources */,
				69EFE66E1F64881B0090740B /* BaseViewController.swift in Sources */,
				69EFE66B1F6487CD0090740B /* CircuitListViewController.swift in Sources */,
				69EFE6691F6486E40090740B /* AppDependency.swift in Sources */,
				A38766921F6AF96E008BC888 /* UICollectionViewExtensions.swift in Sources */,
				69EFE6671F6484BC0090740B /* LapTimeStore.swift in Sources */,
				A32475621F65BF9A00263D04 /* Container.swift in Sources */,
				69A2CD9E1F58C9E800E29590 /* Circuit.swift in Sources */,
			);
			runOnlyForDeploymentPostprocessing = 0;
		};
		69BA3DFE1F37B5D000CDC700 /* Sources */ = {
			isa = PBXSourcesBuildPhase;
			buildActionMask = 2147483647;
			files = (
				69AC8FC31F58CE7100E80EB7 /* GeneralHelpers.swift in Sources */,
				69AC8FC11F58CD8600E80EB7 /* LapTimeHelpers.swift in Sources */,
				69BA3E071F37B5D000CDC700 /* LapTimeTests.swift in Sources */,
			);
			runOnlyForDeploymentPostprocessing = 0;
		};
/* End PBXSourcesBuildPhase section */

/* Begin PBXTargetDependency section */
		696FD6891F64962700DDDFE5 /* PBXTargetDependency */ = {
			isa = PBXTargetDependency;
			target = 696FD6771F64919800DDDFE5 /* SwiftGen */;
			targetProxy = 696FD6881F64962700DDDFE5 /* PBXContainerItemProxy */;
		};
		69BA3E041F37B5D000CDC700 /* PBXTargetDependency */ = {
			isa = PBXTargetDependency;
			target = 69BA3DED1F37B5D000CDC700 /* KartingCoach */;
			targetProxy = 69BA3E031F37B5D000CDC700 /* PBXContainerItemProxy */;
		};
/* End PBXTargetDependency section */

/* Begin PBXVariantGroup section */
		696FD6811F64923D00DDDFE5 /* Localizable.strings */ = {
			isa = PBXVariantGroup;
			children = (
				696FD6821F64924700DDDFE5 /* Base */,
			);
			name = Localizable.strings;
			sourceTree = "<group>";
		};
		69BA3DFA1F37B5D000CDC700 /* LaunchScreen.storyboard */ = {
			isa = PBXVariantGroup;
			children = (
				69BA3DFB1F37B5D000CDC700 /* Base */,
			);
			name = LaunchScreen.storyboard;
			sourceTree = "<group>";
		};
/* End PBXVariantGroup section */

/* Begin XCBuildConfiguration section */
		696FD6781F64919800DDDFE5 /* Debug */ = {
			isa = XCBuildConfiguration;
			buildSettings = {
				CODE_SIGN_STYLE = Automatic;
				DEVELOPMENT_TEAM = MS5H3BD7U5;
				PRODUCT_NAME = "$(TARGET_NAME)";
				RESOURCES = "$PROJECT_DIR/KartingCoach/Resources";
				SDKROOT = iphoneos;
				SUPPORTED_PLATFORMS = "iphonesimulator iphoneos";
				SWIFTGEN = "$PROJECT_DIR/Pods/SwiftGen/bin/swiftgen";
			};
			name = Debug;
		};
		696FD6791F64919800DDDFE5 /* Release */ = {
			isa = XCBuildConfiguration;
			buildSettings = {
				CODE_SIGN_STYLE = Automatic;
				DEVELOPMENT_TEAM = MS5H3BD7U5;
				PRODUCT_NAME = "$(TARGET_NAME)";
				RESOURCES = "$PROJECT_DIR/KartingCoach/Resources";
				SDKROOT = iphoneos;
				SUPPORTED_PLATFORMS = "iphonesimulator iphoneos";
				SWIFTGEN = "$PROJECT_DIR/Pods/SwiftGen/bin/swiftgen";
			};
			name = Release;
		};
		69BA3DE81F37B53100CDC700 /* Debug */ = {
			isa = XCBuildConfiguration;
			buildSettings = {
				CLANG_WARN_BLOCK_CAPTURE_AUTORELEASING = YES;
				CLANG_WARN_BOOL_CONVERSION = YES;
				CLANG_WARN_COMMA = YES;
				CLANG_WARN_CONSTANT_CONVERSION = YES;
				CLANG_WARN_EMPTY_BODY = YES;
				CLANG_WARN_ENUM_CONVERSION = YES;
				CLANG_WARN_INFINITE_RECURSION = YES;
				CLANG_WARN_INT_CONVERSION = YES;
				CLANG_WARN_NON_LITERAL_NULL_CONVERSION = YES;
				CLANG_WARN_OBJC_LITERAL_CONVERSION = YES;
				CLANG_WARN_RANGE_LOOP_ANALYSIS = YES;
				CLANG_WARN_STRICT_PROTOTYPES = YES;
				CLANG_WARN_SUSPICIOUS_MOVE = YES;
				CLANG_WARN_UNREACHABLE_CODE = YES;
				CLANG_WARN__DUPLICATE_METHOD_MATCH = YES;
				ENABLE_STRICT_OBJC_MSGSEND = YES;
				ENABLE_TESTABILITY = YES;
				GCC_NO_COMMON_BLOCKS = YES;
				GCC_WARN_64_TO_32_BIT_CONVERSION = YES;
				GCC_WARN_ABOUT_RETURN_TYPE = YES;
				GCC_WARN_UNDECLARED_SELECTOR = YES;
				GCC_WARN_UNINITIALIZED_AUTOS = YES;
				GCC_WARN_UNUSED_FUNCTION = YES;
				GCC_WARN_UNUSED_VARIABLE = YES;
				ONLY_ACTIVE_ARCH = YES;
			};
			name = Debug;
		};
		69BA3DE91F37B53100CDC700 /* Release */ = {
			isa = XCBuildConfiguration;
			buildSettings = {
				CLANG_WARN_BLOCK_CAPTURE_AUTORELEASING = YES;
				CLANG_WARN_BOOL_CONVERSION = YES;
				CLANG_WARN_COMMA = YES;
				CLANG_WARN_CONSTANT_CONVERSION = YES;
				CLANG_WARN_EMPTY_BODY = YES;
				CLANG_WARN_ENUM_CONVERSION = YES;
				CLANG_WARN_INFINITE_RECURSION = YES;
				CLANG_WARN_INT_CONVERSION = YES;
				CLANG_WARN_NON_LITERAL_NULL_CONVERSION = YES;
				CLANG_WARN_OBJC_LITERAL_CONVERSION = YES;
				CLANG_WARN_RANGE_LOOP_ANALYSIS = YES;
				CLANG_WARN_STRICT_PROTOTYPES = YES;
				CLANG_WARN_SUSPICIOUS_MOVE = YES;
				CLANG_WARN_UNREACHABLE_CODE = YES;
				CLANG_WARN__DUPLICATE_METHOD_MATCH = YES;
				ENABLE_STRICT_OBJC_MSGSEND = YES;
				GCC_NO_COMMON_BLOCKS = YES;
				GCC_WARN_64_TO_32_BIT_CONVERSION = YES;
				GCC_WARN_ABOUT_RETURN_TYPE = YES;
				GCC_WARN_UNDECLARED_SELECTOR = YES;
				GCC_WARN_UNINITIALIZED_AUTOS = YES;
				GCC_WARN_UNUSED_FUNCTION = YES;
				GCC_WARN_UNUSED_VARIABLE = YES;
			};
			name = Release;
		};
		69BA3E091F37B5D000CDC700 /* Debug */ = {
			isa = XCBuildConfiguration;
			baseConfigurationReference = 0C9F7C8A1B667F90BA797A7B /* Pods-KartingCoach.debug.xcconfig */;
			buildSettings = {
				ALWAYS_SEARCH_USER_PATHS = NO;
				ASSETCATALOG_COMPILER_APPICON_NAME = AppIcon;
				CLANG_ANALYZER_NONNULL = YES;
				CLANG_ANALYZER_NUMBER_OBJECT_CONVERSION = YES_AGGRESSIVE;
				CLANG_CXX_LANGUAGE_STANDARD = "gnu++14";
				CLANG_CXX_LIBRARY = "$(inherited)";
				CLANG_ENABLE_MODULES = YES;
				CLANG_ENABLE_OBJC_ARC = YES;
				CLANG_WARN_BLOCK_CAPTURE_AUTORELEASING = YES;
				CLANG_WARN_BOOL_CONVERSION = YES;
				CLANG_WARN_COMMA = YES;
				CLANG_WARN_CONSTANT_CONVERSION = YES;
				CLANG_WARN_DIRECT_OBJC_ISA_USAGE = YES_ERROR;
				CLANG_WARN_DOCUMENTATION_COMMENTS = YES;
				CLANG_WARN_EMPTY_BODY = YES;
				CLANG_WARN_ENUM_CONVERSION = YES;
				CLANG_WARN_INFINITE_RECURSION = YES;
				CLANG_WARN_INT_CONVERSION = YES;
				CLANG_WARN_NON_LITERAL_NULL_CONVERSION = YES;
				CLANG_WARN_OBJC_LITERAL_CONVERSION = YES;
				CLANG_WARN_OBJC_ROOT_CLASS = YES_ERROR;
				CLANG_WARN_RANGE_LOOP_ANALYSIS = YES;
				CLANG_WARN_STRICT_PROTOTYPES = YES;
				CLANG_WARN_SUSPICIOUS_MOVE = YES;
				CLANG_WARN_UNGUARDED_AVAILABILITY = YES_AGGRESSIVE;
				CLANG_WARN_UNREACHABLE_CODE = YES;
				CLANG_WARN__DUPLICATE_METHOD_MATCH = YES;
				CODE_SIGN_IDENTITY = "iPhone Developer";
				CODE_SIGN_STYLE = Manual;
				COPY_PHASE_STRIP = NO;
				DEBUG_INFORMATION_FORMAT = dwarf;
				DEVELOPMENT_TEAM = PXDF48X6VX;
				ENABLE_STRICT_OBJC_MSGSEND = YES;
				ENABLE_TESTABILITY = YES;
				FRAMEWORK_SEARCH_PATHS = (
					"$(inherited)",
					"$(PROJECT_DIR)/Carthage/Build/iOS",
				);
				GCC_C_LANGUAGE_STANDARD = gnu11;
				GCC_DYNAMIC_NO_PIC = NO;
				GCC_NO_COMMON_BLOCKS = YES;
				GCC_OPTIMIZATION_LEVEL = 0;
				GCC_PREPROCESSOR_DEFINITIONS = (
					"DEBUG=1",
					"$(inherited)",
				);
				GCC_WARN_64_TO_32_BIT_CONVERSION = YES;
				GCC_WARN_ABOUT_RETURN_TYPE = YES_ERROR;
				GCC_WARN_UNDECLARED_SELECTOR = YES;
				GCC_WARN_UNINITIALIZED_AUTOS = YES_AGGRESSIVE;
				GCC_WARN_UNUSED_FUNCTION = YES;
				GCC_WARN_UNUSED_VARIABLE = YES;
				INFOPLIST_FILE = KartingCoach/Info.plist;
				IPHONEOS_DEPLOYMENT_TARGET = 10.0;
				LD_RUNPATH_SEARCH_PATHS = "$(inherited) @executable_path/Frameworks";
				MTL_ENABLE_DEBUG_INFO = YES;
				ONLY_ACTIVE_ARCH = YES;
				PRODUCT_BUNDLE_IDENTIFIER = cz.ackee.enterprise.kartingcoach.dev;
				PRODUCT_NAME = "$(TARGET_NAME)";
				PROVISIONING_PROFILE = "8b8cbc82-28d4-4298-8766-bd18ee2ed57b";
				PROVISIONING_PROFILE_SPECIFIER = "match Development cz.ackee.enterprise.*";
				SDKROOT = iphoneos;
				SWIFT_ACTIVE_COMPILATION_CONDITIONS = DEBUG;
				SWIFT_OPTIMIZATION_LEVEL = "-Onone";
				SWIFT_VERSION = 4.0;
				TARGETED_DEVICE_FAMILY = "1,2";
			};
			name = Debug;
		};
		69BA3E0A1F37B5D000CDC700 /* Release */ = {
			isa = XCBuildConfiguration;
			baseConfigurationReference = CF672FF604205F70C2F5B12C /* Pods-KartingCoach.release.xcconfig */;
			buildSettings = {
				ALWAYS_SEARCH_USER_PATHS = NO;
				ASSETCATALOG_COMPILER_APPICON_NAME = AppIcon;
				CLANG_ANALYZER_NONNULL = YES;
				CLANG_ANALYZER_NUMBER_OBJECT_CONVERSION = YES_AGGRESSIVE;
				CLANG_CXX_LANGUAGE_STANDARD = "gnu++14";
				CLANG_CXX_LIBRARY = "$(inherited)";
				CLANG_ENABLE_MODULES = YES;
				CLANG_ENABLE_OBJC_ARC = YES;
				CLANG_WARN_BLOCK_CAPTURE_AUTORELEASING = YES;
				CLANG_WARN_BOOL_CONVERSION = YES;
				CLANG_WARN_COMMA = YES;
				CLANG_WARN_CONSTANT_CONVERSION = YES;
				CLANG_WARN_DIRECT_OBJC_ISA_USAGE = YES_ERROR;
				CLANG_WARN_DOCUMENTATION_COMMENTS = YES;
				CLANG_WARN_EMPTY_BODY = YES;
				CLANG_WARN_ENUM_CONVERSION = YES;
				CLANG_WARN_INFINITE_RECURSION = YES;
				CLANG_WARN_INT_CONVERSION = YES;
				CLANG_WARN_NON_LITERAL_NULL_CONVERSION = YES;
				CLANG_WARN_OBJC_LITERAL_CONVERSION = YES;
				CLANG_WARN_OBJC_ROOT_CLASS = YES_ERROR;
				CLANG_WARN_RANGE_LOOP_ANALYSIS = YES;
				CLANG_WARN_STRICT_PROTOTYPES = YES;
				CLANG_WARN_SUSPICIOUS_MOVE = YES;
				CLANG_WARN_UNGUARDED_AVAILABILITY = YES_AGGRESSIVE;
				CLANG_WARN_UNREACHABLE_CODE = YES;
				CLANG_WARN__DUPLICATE_METHOD_MATCH = YES;
				CODE_SIGN_IDENTITY = "iPhone Developer";
				CODE_SIGN_STYLE = Manual;
				COPY_PHASE_STRIP = NO;
				DEBUG_INFORMATION_FORMAT = "dwarf-with-dsym";
				DEVELOPMENT_TEAM = "";
				ENABLE_NS_ASSERTIONS = NO;
				ENABLE_STRICT_OBJC_MSGSEND = YES;
				FRAMEWORK_SEARCH_PATHS = (
					"$(inherited)",
					"$(PROJECT_DIR)/Carthage/Build/iOS",
				);
				GCC_C_LANGUAGE_STANDARD = gnu11;
				GCC_NO_COMMON_BLOCKS = YES;
				GCC_WARN_64_TO_32_BIT_CONVERSION = YES;
				GCC_WARN_ABOUT_RETURN_TYPE = YES_ERROR;
				GCC_WARN_UNDECLARED_SELECTOR = YES;
				GCC_WARN_UNINITIALIZED_AUTOS = YES_AGGRESSIVE;
				GCC_WARN_UNUSED_FUNCTION = YES;
				GCC_WARN_UNUSED_VARIABLE = YES;
				INFOPLIST_FILE = KartingCoach/Info.plist;
				IPHONEOS_DEPLOYMENT_TARGET = 10.0;
				LD_RUNPATH_SEARCH_PATHS = "$(inherited) @executable_path/Frameworks";
				MTL_ENABLE_DEBUG_INFO = NO;
				PRODUCT_BUNDLE_IDENTIFIER = cz.olejnjak.kartingcoach;
				PRODUCT_NAME = "$(TARGET_NAME)";
				PROVISIONING_PROFILE_SPECIFIER = "";
				SDKROOT = iphoneos;
				SWIFT_OPTIMIZATION_LEVEL = "-Owholemodule";
				SWIFT_VERSION = 4.0;
				TARGETED_DEVICE_FAMILY = "1,2";
				VALIDATE_PRODUCT = YES;
			};
			name = Release;
		};
		69BA3E0B1F37B5D000CDC700 /* Debug */ = {
			isa = XCBuildConfiguration;
			baseConfigurationReference = A3F8C41F83ABDFA50A9486B2 /* Pods-KartingCoachTests.debug.xcconfig */;
			buildSettings = {
				ALWAYS_EMBED_SWIFT_STANDARD_LIBRARIES = YES;
				ALWAYS_SEARCH_USER_PATHS = NO;
				BUNDLE_LOADER = "$(TEST_HOST)";
				CLANG_ANALYZER_NONNULL = YES;
				CLANG_ANALYZER_NUMBER_OBJECT_CONVERSION = YES_AGGRESSIVE;
				CLANG_CXX_LANGUAGE_STANDARD = "gnu++14";
				CLANG_CXX_LIBRARY = "$(inherited)";
				CLANG_ENABLE_MODULES = YES;
				CLANG_ENABLE_OBJC_ARC = YES;
				CLANG_WARN_BLOCK_CAPTURE_AUTORELEASING = YES;
				CLANG_WARN_BOOL_CONVERSION = YES;
				CLANG_WARN_COMMA = YES;
				CLANG_WARN_CONSTANT_CONVERSION = YES;
				CLANG_WARN_DIRECT_OBJC_ISA_USAGE = YES_ERROR;
				CLANG_WARN_DOCUMENTATION_COMMENTS = YES;
				CLANG_WARN_EMPTY_BODY = YES;
				CLANG_WARN_ENUM_CONVERSION = YES;
				CLANG_WARN_INFINITE_RECURSION = YES;
				CLANG_WARN_INT_CONVERSION = YES;
				CLANG_WARN_NON_LITERAL_NULL_CONVERSION = YES;
				CLANG_WARN_OBJC_LITERAL_CONVERSION = YES;
				CLANG_WARN_OBJC_ROOT_CLASS = YES_ERROR;
				CLANG_WARN_RANGE_LOOP_ANALYSIS = YES;
				CLANG_WARN_STRICT_PROTOTYPES = YES;
				CLANG_WARN_SUSPICIOUS_MOVE = YES;
				CLANG_WARN_UNGUARDED_AVAILABILITY = YES_AGGRESSIVE;
				CLANG_WARN_UNREACHABLE_CODE = YES;
				CLANG_WARN__DUPLICATE_METHOD_MATCH = YES;
				CODE_SIGN_IDENTITY = "iPhone Developer";
				COPY_PHASE_STRIP = NO;
				DEBUG_INFORMATION_FORMAT = dwarf;
				DEVELOPMENT_TEAM = MS5H3BD7U5;
				ENABLE_STRICT_OBJC_MSGSEND = YES;
				ENABLE_TESTABILITY = YES;
				GCC_C_LANGUAGE_STANDARD = gnu11;
				GCC_DYNAMIC_NO_PIC = NO;
				GCC_NO_COMMON_BLOCKS = YES;
				GCC_OPTIMIZATION_LEVEL = 0;
				GCC_PREPROCESSOR_DEFINITIONS = (
					"DEBUG=1",
					"$(inherited)",
				);
				GCC_WARN_64_TO_32_BIT_CONVERSION = YES;
				GCC_WARN_ABOUT_RETURN_TYPE = YES_ERROR;
				GCC_WARN_UNDECLARED_SELECTOR = YES;
				GCC_WARN_UNINITIALIZED_AUTOS = YES_AGGRESSIVE;
				GCC_WARN_UNUSED_FUNCTION = YES;
				GCC_WARN_UNUSED_VARIABLE = YES;
				INFOPLIST_FILE = KartingCoachTests/Info.plist;
				IPHONEOS_DEPLOYMENT_TARGET = 11.0;
				LD_RUNPATH_SEARCH_PATHS = "$(inherited) @executable_path/Frameworks @loader_path/Frameworks";
				MTL_ENABLE_DEBUG_INFO = YES;
				ONLY_ACTIVE_ARCH = YES;
				PRODUCT_BUNDLE_IDENTIFIER = cz.olejnjak.KartingCoachTests;
				PRODUCT_NAME = "$(TARGET_NAME)";
				SDKROOT = iphoneos;
				SWIFT_ACTIVE_COMPILATION_CONDITIONS = DEBUG;
				SWIFT_OPTIMIZATION_LEVEL = "-Onone";
				SWIFT_VERSION = 4.0;
				TARGETED_DEVICE_FAMILY = "1,2";
				TEST_HOST = "$(BUILT_PRODUCTS_DIR)/KartingCoach.app/KartingCoach";
			};
			name = Debug;
		};
		69BA3E0C1F37B5D000CDC700 /* Release */ = {
			isa = XCBuildConfiguration;
			baseConfigurationReference = ACE63B0549E19EF5E01D7F74 /* Pods-KartingCoachTests.release.xcconfig */;
			buildSettings = {
				ALWAYS_EMBED_SWIFT_STANDARD_LIBRARIES = YES;
				ALWAYS_SEARCH_USER_PATHS = NO;
				BUNDLE_LOADER = "$(TEST_HOST)";
				CLANG_ANALYZER_NONNULL = YES;
				CLANG_ANALYZER_NUMBER_OBJECT_CONVERSION = YES_AGGRESSIVE;
				CLANG_CXX_LANGUAGE_STANDARD = "gnu++14";
				CLANG_CXX_LIBRARY = "$(inherited)";
				CLANG_ENABLE_MODULES = YES;
				CLANG_ENABLE_OBJC_ARC = YES;
				CLANG_WARN_BLOCK_CAPTURE_AUTORELEASING = YES;
				CLANG_WARN_BOOL_CONVERSION = YES;
				CLANG_WARN_COMMA = YES;
				CLANG_WARN_CONSTANT_CONVERSION = YES;
				CLANG_WARN_DIRECT_OBJC_ISA_USAGE = YES_ERROR;
				CLANG_WARN_DOCUMENTATION_COMMENTS = YES;
				CLANG_WARN_EMPTY_BODY = YES;
				CLANG_WARN_ENUM_CONVERSION = YES;
				CLANG_WARN_INFINITE_RECURSION = YES;
				CLANG_WARN_INT_CONVERSION = YES;
				CLANG_WARN_NON_LITERAL_NULL_CONVERSION = YES;
				CLANG_WARN_OBJC_LITERAL_CONVERSION = YES;
				CLANG_WARN_OBJC_ROOT_CLASS = YES_ERROR;
				CLANG_WARN_RANGE_LOOP_ANALYSIS = YES;
				CLANG_WARN_STRICT_PROTOTYPES = YES;
				CLANG_WARN_SUSPICIOUS_MOVE = YES;
				CLANG_WARN_UNGUARDED_AVAILABILITY = YES_AGGRESSIVE;
				CLANG_WARN_UNREACHABLE_CODE = YES;
				CLANG_WARN__DUPLICATE_METHOD_MATCH = YES;
				CODE_SIGN_IDENTITY = "iPhone Developer";
				COPY_PHASE_STRIP = NO;
				DEBUG_INFORMATION_FORMAT = "dwarf-with-dsym";
				DEVELOPMENT_TEAM = MS5H3BD7U5;
				ENABLE_NS_ASSERTIONS = NO;
				ENABLE_STRICT_OBJC_MSGSEND = YES;
				GCC_C_LANGUAGE_STANDARD = gnu11;
				GCC_NO_COMMON_BLOCKS = YES;
				GCC_WARN_64_TO_32_BIT_CONVERSION = YES;
				GCC_WARN_ABOUT_RETURN_TYPE = YES_ERROR;
				GCC_WARN_UNDECLARED_SELECTOR = YES;
				GCC_WARN_UNINITIALIZED_AUTOS = YES_AGGRESSIVE;
				GCC_WARN_UNUSED_FUNCTION = YES;
				GCC_WARN_UNUSED_VARIABLE = YES;
				INFOPLIST_FILE = KartingCoachTests/Info.plist;
				IPHONEOS_DEPLOYMENT_TARGET = 11.0;
				LD_RUNPATH_SEARCH_PATHS = "$(inherited) @executable_path/Frameworks @loader_path/Frameworks";
				MTL_ENABLE_DEBUG_INFO = NO;
				PRODUCT_BUNDLE_IDENTIFIER = cz.olejnjak.KartingCoachTests;
				PRODUCT_NAME = "$(TARGET_NAME)";
				SDKROOT = iphoneos;
				SWIFT_OPTIMIZATION_LEVEL = "-Owholemodule";
				SWIFT_VERSION = 4.0;
				TARGETED_DEVICE_FAMILY = "1,2";
				TEST_HOST = "$(BUILT_PRODUCTS_DIR)/KartingCoach.app/KartingCoach";
				VALIDATE_PRODUCT = YES;
			};
			name = Release;
		};
/* End XCBuildConfiguration section */

/* Begin XCConfigurationList section */
		696FD67A1F64919800DDDFE5 /* Build configuration list for PBXAggregateTarget "SwiftGen" */ = {
			isa = XCConfigurationList;
			buildConfigurations = (
				696FD6781F64919800DDDFE5 /* Debug */,
				696FD6791F64919800DDDFE5 /* Release */,
			);
			defaultConfigurationIsVisible = 0;
			defaultConfigurationName = Release;
		};
		69BA3DE71F37B53100CDC700 /* Build configuration list for PBXProject "KartingCoach" */ = {
			isa = XCConfigurationList;
			buildConfigurations = (
				69BA3DE81F37B53100CDC700 /* Debug */,
				69BA3DE91F37B53100CDC700 /* Release */,
			);
			defaultConfigurationIsVisible = 0;
			defaultConfigurationName = Release;
		};
		69BA3E0D1F37B5D000CDC700 /* Build configuration list for PBXNativeTarget "KartingCoach" */ = {
			isa = XCConfigurationList;
			buildConfigurations = (
				69BA3E091F37B5D000CDC700 /* Debug */,
				69BA3E0A1F37B5D000CDC700 /* Release */,
			);
			defaultConfigurationIsVisible = 0;
			defaultConfigurationName = Release;
		};
		69BA3E0E1F37B5D000CDC700 /* Build configuration list for PBXNativeTarget "KartingCoachTests" */ = {
			isa = XCConfigurationList;
			buildConfigurations = (
				69BA3E0B1F37B5D000CDC700 /* Debug */,
				69BA3E0C1F37B5D000CDC700 /* Release */,
			);
			defaultConfigurationIsVisible = 0;
			defaultConfigurationName = Release;
		};
/* End XCConfigurationList section */
	};
	rootObject = 69BA3DE41F37B53100CDC700 /* Project object */;
}
